
Microsoft Visual Studio Solution File, Format Version 12.00
# Visual Studio 15
VisualStudioVersion = 15.0.27703.2026
MinimumVisualStudioVersion = 10.0.40219.1
Project("{FAE04EC0-301F-11D3-BF4B-00C04F79EFBC}") = "Xenophyte-Proxy-Solo-Miner", "Xenophyte-Proxy-Solo-Miner\Xenophyte-Proxy-Solo-Miner.csproj", "{8FCA23EB-A964-491F-B028-05E8C626C343}"
EndProject
Global
	GlobalSection(SolutionConfigurationPlatforms) = preSolution
		Debug|Any CPU = Debug|Any CPU
		Release|Any CPU = Release|Any CPU
	EndGlobalSection
	GlobalSection(ProjectConfigurationPlatforms) = postSolution
		{8FCA23EB-A964-491F-B028-05E8C626C343}.Debug|Any CPU.ActiveCfg = Debug|Any CPU
		{8FCA23EB-A964-491F-B028-05E8C626C343}.Debug|Any CPU.Build.0 = Debug|Any CPU
		{8FCA23EB-A964-491F-B028-05E8C626C343}.Release|Any CPU.ActiveCfg = Release|Any CPU
		{8FCA23EB-A964-491F-B028-05E8C626C343}.Release|Any CPU.Build.0 = Release|Any CPU
	EndGlobalSection
	GlobalSection(SolutionProperties) = preSolution
		HideSolutionNode = FALSE
	EndGlobalSection
	GlobalSection(ExtensibilityGlobals) = postSolution
		SolutionGuid = {A1BB62AA-A30F-4FA7-9C70-6941C1430F8D}
	EndGlobalSection
EndGlobal
